
Microsoft Visual Studio Solution File, Format Version 12.00
# Visual Studio Version 16
VisualStudioVersion = 16.0.30114.105
MinimumVisualStudioVersion = 10.0.40219.1
Project("{FAE04EC0-301F-11D3-BF4B-00C04F79EFBC}") = "ChatLib", "ChatLib\ChatLib.csproj", "{88AC8CEC-E6EA-46FE-9E7E-17AC0C162064}"
EndProject
Project("{FAE04EC0-301F-11D3-BF4B-00C04F79EFBC}") = "ClientUI", "Nova Chat Client\Client\ClientUI.csproj", "{3F517993-7730-44A9-AE88-5449135A4796}"
EndProject
Project("{FAE04EC0-301F-11D3-BF4B-00C04F79EFBC}") = "Server", "Server\Server.csproj", "{FC2261D1-720D-41C4-99A9-CE312FD0495E}"
EndProject
Project("{2150E333-8FDC-42A3-9474-1A3956D46DE8}") = "Vc", "Vc", "{BA7B91B7-74D4-4F05-98CA-20AD916BEF34}"
EndProject
Project("{FAE04EC0-301F-11D3-BF4B-00C04F79EFBC}") = "VCServer", "VCServer\VCServer.csproj", "{28FF6C92-6127-4DBA-913C-57CE38E94EA0}"
EndProject
Project("{FAE04EC0-301F-11D3-BF4B-00C04F79EFBC}") = "VCClient", "VCClient\VCClient.csproj", "{8A61D36A-A085-42E1-B5D2-BC2DDCA9B169}"
EndProject
Project("{FAE04EC0-301F-11D3-BF4B-00C04F79EFBC}") = "TestBot", "TestBot\TestBot.csproj", "{31D89988-A5C2-4C84-9BDA-9E6F8855B0A6}"
EndProject
Project("{FAE04EC0-301F-11D3-BF4B-00C04F79EFBC}") = "UWPClientUI", "NovaChatClient\UWPClientUI.csproj", "{23F1921D-6F40-459C-AF8F-2BADFB2B66D1}"
EndProject
Project("{FAE04EC0-301F-11D3-BF4B-00C04F79EFBC}") = "AndroidClient", "AndroidClient\AndroidClient.csproj", "{3BC0AC7E-3B3B-4D3F-9CC0-B2BDECC460A6}"
EndProject
Project("{FAE04EC0-301F-11D3-BF4B-00C04F79EFBC}") = "Yep Development Tools", "Yep Development Tools\Yep Development Tools.csproj", "{78B397AA-D2C0-4152-86C7-9542DE0606B8}"
EndProject
Global
	GlobalSection(SolutionConfigurationPlatforms) = preSolution
		Debug|Any CPU = Debug|Any CPU
		Debug|ARM = Debug|ARM
		Debug|ARM64 = Debug|ARM64
		Debug|x64 = Debug|x64
		Debug|x86 = Debug|x86
		Release|Any CPU = Release|Any CPU
		Release|ARM = Release|ARM
		Release|ARM64 = Release|ARM64
		Release|x64 = Release|x64
		Release|x86 = Release|x86
	EndGlobalSection
	GlobalSection(ProjectConfigurationPlatforms) = postSolution
		{88AC8CEC-E6EA-46FE-9E7E-17AC0C162064}.Debug|Any CPU.ActiveCfg = Debug|Any CPU
		{88AC8CEC-E6EA-46FE-9E7E-17AC0C162064}.Debug|Any CPU.Build.0 = Debug|Any CPU
		{88AC8CEC-E6EA-46FE-9E7E-17AC0C162064}.Debug|ARM.ActiveCfg = Debug|Any CPU
		{88AC8CEC-E6EA-46FE-9E7E-17AC0C162064}.Debug|ARM.Build.0 = Debug|Any CPU
		{88AC8CEC-E6EA-46FE-9E7E-17AC0C162064}.Debug|ARM64.ActiveCfg = Debug|Any CPU
		{88AC8CEC-E6EA-46FE-9E7E-17AC0C162064}.Debug|ARM64.Build.0 = Debug|Any CPU
		{88AC8CEC-E6EA-46FE-9E7E-17AC0C162064}.Debug|x64.ActiveCfg = Debug|Any CPU
		{88AC8CEC-E6EA-46FE-9E7E-17AC0C162064}.Debug|x64.Build.0 = Debug|Any CPU
		{88AC8CEC-E6EA-46FE-9E7E-17AC0C162064}.Debug|x86.ActiveCfg = Debug|Any CPU
		{88AC8CEC-E6EA-46FE-9E7E-17AC0C162064}.Debug|x86.Build.0 = Debug|Any CPU
		{88AC8CEC-E6EA-46FE-9E7E-17AC0C162064}.Release|Any CPU.ActiveCfg = Release|Any CPU
		{88AC8CEC-E6EA-46FE-9E7E-17AC0C162064}.Release|Any CPU.Build.0 = Release|Any CPU
		{88AC8CEC-E6EA-46FE-9E7E-17AC0C162064}.Release|ARM.ActiveCfg = Release|Any CPU
		{88AC8CEC-E6EA-46FE-9E7E-17AC0C162064}.Release|ARM.Build.0 = Release|Any CPU
		{88AC8CEC-E6EA-46FE-9E7E-17AC0C162064}.Release|ARM64.ActiveCfg = Release|Any CPU
		{88AC8CEC-E6EA-46FE-9E7E-17AC0C162064}.Release|ARM64.Build.0 = Release|Any CPU
		{88AC8CEC-E6EA-46FE-9E7E-17AC0C162064}.Release|x64.ActiveCfg = Release|Any CPU
		{88AC8CEC-E6EA-46FE-9E7E-17AC0C162064}.Release|x64.Build.0 = Release|Any CPU
		{88AC8CEC-E6EA-46FE-9E7E-17AC0C162064}.Release|x86.ActiveCfg = Release|Any CPU
		{88AC8CEC-E6EA-46FE-9E7E-17AC0C162064}.Release|x86.Build.0 = Release|Any CPU
		{3F517993-7730-44A9-AE88-5449135A4796}.Debug|Any CPU.ActiveCfg = Debug|Any CPU
		{3F517993-7730-44A9-AE88-5449135A4796}.Debug|Any CPU.Build.0 = Debug|Any CPU
		{3F517993-7730-44A9-AE88-5449135A4796}.Debug|ARM.ActiveCfg = Debug|Any CPU
		{3F517993-7730-44A9-AE88-5449135A4796}.Debug|ARM.Build.0 = Debug|Any CPU
		{3F517993-7730-44A9-AE88-5449135A4796}.Debug|ARM64.ActiveCfg = Debug|Any CPU
		{3F517993-7730-44A9-AE88-5449135A4796}.Debug|ARM64.Build.0 = Debug|Any CPU
		{3F517993-7730-44A9-AE88-5449135A4796}.Debug|x64.ActiveCfg = Debug|Any CPU
		{3F517993-7730-44A9-AE88-5449135A4796}.Debug|x64.Build.0 = Debug|Any CPU
		{3F517993-7730-44A9-AE88-5449135A4796}.Debug|x86.ActiveCfg = Debug|Any CPU
		{3F517993-7730-44A9-AE88-5449135A4796}.Debug|x86.Build.0 = Debug|Any CPU
		{3F517993-7730-44A9-AE88-5449135A4796}.Release|Any CPU.ActiveCfg = Release|Any CPU
		{3F517993-7730-44A9-AE88-5449135A4796}.Release|Any CPU.Build.0 = Release|Any CPU
		{3F517993-7730-44A9-AE88-5449135A4796}.Release|ARM.ActiveCfg = Release|Any CPU
		{3F517993-7730-44A9-AE88-5449135A4796}.Release|ARM.Build.0 = Release|Any CPU
		{3F517993-7730-44A9-AE88-5449135A4796}.Release|ARM64.ActiveCfg = Release|Any CPU
		{3F517993-7730-44A9-AE88-5449135A4796}.Release|ARM64.Build.0 = Release|Any CPU
		{3F517993-7730-44A9-AE88-5449135A4796}.Release|x64.ActiveCfg = Release|Any CPU
		{3F517993-7730-44A9-AE88-5449135A4796}.Release|x64.Build.0 = Release|Any CPU
		{3F517993-7730-44A9-AE88-5449135A4796}.Release|x86.ActiveCfg = Release|Any CPU
		{3F517993-7730-44A9-AE88-5449135A4796}.Release|x86.Build.0 = Release|Any CPU
		{FC2261D1-720D-41C4-99A9-CE312FD0495E}.Debug|Any CPU.ActiveCfg = Debug|Any CPU
		{FC2261D1-720D-41C4-99A9-CE312FD0495E}.Debug|Any CPU.Build.0 = Debug|Any CPU
		{FC2261D1-720D-41C4-99A9-CE312FD0495E}.Debug|ARM.ActiveCfg = Debug|Any CPU
		{FC2261D1-720D-41C4-99A9-CE312FD0495E}.Debug|ARM.Build.0 = Debug|Any CPU
		{FC2261D1-720D-41C4-99A9-CE312FD0495E}.Debug|ARM64.ActiveCfg = Debug|Any CPU
		{FC2261D1-720D-41C4-99A9-CE312FD0495E}.Debug|ARM64.Build.0 = Debug|Any CPU
		{FC2261D1-720D-41C4-99A9-CE312FD0495E}.Debug|x64.ActiveCfg = Debug|Any CPU
		{FC2261D1-720D-41C4-99A9-CE312FD0495E}.Debug|x64.Build.0 = Debug|Any CPU
		{FC2261D1-720D-41C4-99A9-CE312FD0495E}.Debug|x86.ActiveCfg = Debug|Any CPU
		{FC2261D1-720D-41C4-99A9-CE312FD0495E}.Debug|x86.Build.0 = Debug|Any CPU
		{FC2261D1-720D-41C4-99A9-CE312FD0495E}.Release|Any CPU.ActiveCfg = Release|Any CPU
		{FC2261D1-720D-41C4-99A9-CE312FD0495E}.Release|Any CPU.Build.0 = Release|Any CPU
		{FC2261D1-720D-41C4-99A9-CE312FD0495E}.Release|ARM.ActiveCfg = Release|Any CPU
		{FC2261D1-720D-41C4-99A9-CE312FD0495E}.Release|ARM.Build.0 = Release|Any CPU
		{FC2261D1-720D-41C4-99A9-CE312FD0495E}.Release|ARM64.ActiveCfg = Release|Any CPU
		{FC2261D1-720D-41C4-99A9-CE312FD0495E}.Release|ARM64.Build.0 = Release|Any CPU
		{FC2261D1-720D-41C4-99A9-CE312FD0495E}.Release|x64.ActiveCfg = Release|Any CPU
		{FC2261D1-720D-41C4-99A9-CE312FD0495E}.Release|x64.Build.0 = Release|Any CPU
		{FC2261D1-720D-41C4-99A9-CE312FD0495E}.Release|x86.ActiveCfg = Release|Any CPU
		{FC2261D1-720D-41C4-99A9-CE312FD0495E}.Release|x86.Build.0 = Release|Any CPU
		{28FF6C92-6127-4DBA-913C-57CE38E94EA0}.Debug|Any CPU.ActiveCfg = Debug|Any CPU
		{28FF6C92-6127-4DBA-913C-57CE38E94EA0}.Debug|Any CPU.Build.0 = Debug|Any CPU
		{28FF6C92-6127-4DBA-913C-57CE38E94EA0}.Debug|ARM.ActiveCfg = Debug|Any CPU
		{28FF6C92-6127-4DBA-913C-57CE38E94EA0}.Debug|ARM.Build.0 = Debug|Any CPU
		{28FF6C92-6127-4DBA-913C-57CE38E94EA0}.Debug|ARM64.ActiveCfg = Debug|Any CPU
		{28FF6C92-6127-4DBA-913C-57CE38E94EA0}.Debug|ARM64.Build.0 = Debug|Any CPU
		{28FF6C92-6127-4DBA-913C-57CE38E94EA0}.Debug|x64.ActiveCfg = Debug|Any CPU
		{28FF6C92-6127-4DBA-913C-57CE38E94EA0}.Debug|x64.Build.0 = Debug|Any CPU
		{28FF6C92-6127-4DBA-913C-57CE38E94EA0}.Debug|x86.ActiveCfg = Debug|Any CPU
		{28FF6C92-6127-4DBA-913C-57CE38E94EA0}.Debug|x86.Build.0 = Debug|Any CPU
		{28FF6C92-6127-4DBA-913C-57CE38E94EA0}.Release|Any CPU.ActiveCfg = Release|Any CPU
		{28FF6C92-6127-4DBA-913C-57CE38E94EA0}.Release|Any CPU.Build.0 = Release|Any CPU
		{28FF6C92-6127-4DBA-913C-57CE38E94EA0}.Release|ARM.ActiveCfg = Release|Any CPU
		{28FF6C92-6127-4DBA-913C-57CE38E94EA0}.Release|ARM.Build.0 = Release|Any CPU
		{28FF6C92-6127-4DBA-913C-57CE38E94EA0}.Release|ARM64.ActiveCfg = Release|Any CPU
		{28FF6C92-6127-4DBA-913C-57CE38E94EA0}.Release|ARM64.Build.0 = Release|Any CPU
		{28FF6C92-6127-4DBA-913C-57CE38E94EA0}.Release|x64.ActiveCfg = Release|Any CPU
		{28FF6C92-6127-4DBA-913C-57CE38E94EA0}.Release|x64.Build.0 = Release|Any CPU
		{28FF6C92-6127-4DBA-913C-57CE38E94EA0}.Release|x86.ActiveCfg = Release|Any CPU
		{28FF6C92-6127-4DBA-913C-57CE38E94EA0}.Release|x86.Build.0 = Release|Any CPU
		{8A61D36A-A085-42E1-B5D2-BC2DDCA9B169}.Debug|Any CPU.ActiveCfg = Debug|Any CPU
		{8A61D36A-A085-42E1-B5D2-BC2DDCA9B169}.Debug|Any CPU.Build.0 = Debug|Any CPU
		{8A61D36A-A085-42E1-B5D2-BC2DDCA9B169}.Debug|ARM.ActiveCfg = Debug|Any CPU
		{8A61D36A-A085-42E1-B5D2-BC2DDCA9B169}.Debug|ARM.Build.0 = Debug|Any CPU
		{8A61D36A-A085-42E1-B5D2-BC2DDCA9B169}.Debug|ARM64.ActiveCfg = Debug|Any CPU
		{8A61D36A-A085-42E1-B5D2-BC2DDCA9B169}.Debug|ARM64.Build.0 = Debug|Any CPU
		{8A61D36A-A085-42E1-B5D2-BC2DDCA9B169}.Debug|x64.ActiveCfg = Debug|Any CPU
		{8A61D36A-A085-42E1-B5D2-BC2DDCA9B169}.Debug|x64.Build.0 = Debug|Any CPU
		{8A61D36A-A085-42E1-B5D2-BC2DDCA9B169}.Debug|x86.ActiveCfg = Debug|Any CPU
		{8A61D36A-A085-42E1-B5D2-BC2DDCA9B169}.Debug|x86.Build.0 = Debug|Any CPU
		{8A61D36A-A085-42E1-B5D2-BC2DDCA9B169}.Release|Any CPU.ActiveCfg = Release|Any CPU
		{8A61D36A-A085-42E1-B5D2-BC2DDCA9B169}.Release|Any CPU.Build.0 = Release|Any CPU
		{8A61D36A-A085-42E1-B5D2-BC2DDCA9B169}.Release|ARM.ActiveCfg = Release|Any CPU
		{8A61D36A-A085-42E1-B5D2-BC2DDCA9B169}.Release|ARM.Build.0 = Release|Any CPU
		{8A61D36A-A085-42E1-B5D2-BC2DDCA9B169}.Release|ARM64.ActiveCfg = Release|Any CPU
		{8A61D36A-A085-42E1-B5D2-BC2DDCA9B169}.Release|ARM64.Build.0 = Release|Any CPU
		{8A61D36A-A085-42E1-B5D2-BC2DDCA9B169}.Release|x64.ActiveCfg = Release|Any CPU
		{8A61D36A-A085-42E1-B5D2-BC2DDCA9B169}.Release|x64.Build.0 = Release|Any CPU
		{8A61D36A-A085-42E1-B5D2-BC2DDCA9B169}.Release|x86.ActiveCfg = Release|Any CPU
		{8A61D36A-A085-42E1-B5D2-BC2DDCA9B169}.Release|x86.Build.0 = Release|Any CPU
		{31D89988-A5C2-4C84-9BDA-9E6F8855B0A6}.Debug|Any CPU.ActiveCfg = Debug|Any CPU
		{31D89988-A5C2-4C84-9BDA-9E6F8855B0A6}.Debug|Any CPU.Build.0 = Debug|Any CPU
		{31D89988-A5C2-4C84-9BDA-9E6F8855B0A6}.Debug|ARM.ActiveCfg = Debug|Any CPU
		{31D89988-A5C2-4C84-9BDA-9E6F8855B0A6}.Debug|ARM.Build.0 = Debug|Any CPU
		{31D89988-A5C2-4C84-9BDA-9E6F8855B0A6}.Debug|ARM64.ActiveCfg = Debug|Any CPU
		{31D89988-A5C2-4C84-9BDA-9E6F8855B0A6}.Debug|ARM64.Build.0 = Debug|Any CPU
		{31D89988-A5C2-4C84-9BDA-9E6F8855B0A6}.Debug|x64.ActiveCfg = Debug|Any CPU
		{31D89988-A5C2-4C84-9BDA-9E6F8855B0A6}.Debug|x64.Build.0 = Debug|Any CPU
		{31D89988-A5C2-4C84-9BDA-9E6F8855B0A6}.Debug|x86.ActiveCfg = Debug|Any CPU
		{31D89988-A5C2-4C84-9BDA-9E6F8855B0A6}.Debug|x86.Build.0 = Debug|Any CPU
		{31D89988-A5C2-4C84-9BDA-9E6F8855B0A6}.Release|Any CPU.ActiveCfg = Release|Any CPU
		{31D89988-A5C2-4C84-9BDA-9E6F8855B0A6}.Release|Any CPU.Build.0 = Release|Any CPU
		{31D89988-A5C2-4C84-9BDA-9E6F8855B0A6}.Release|ARM.ActiveCfg = Release|Any CPU
		{31D89988-A5C2-4C84-9BDA-9E6F8855B0A6}.Release|ARM.Build.0 = Release|Any CPU
		{31D89988-A5C2-4C84-9BDA-9E6F8855B0A6}.Release|ARM64.ActiveCfg = Release|Any CPU
		{31D89988-A5C2-4C84-9BDA-9E6F8855B0A6}.Release|ARM64.Build.0 = Release|Any CPU
		{31D89988-A5C2-4C84-9BDA-9E6F8855B0A6}.Release|x64.ActiveCfg = Release|Any CPU
		{31D89988-A5C2-4C84-9BDA-9E6F8855B0A6}.Release|x64.Build.0 = Release|Any CPU
		{31D89988-A5C2-4C84-9BDA-9E6F8855B0A6}.Release|x86.ActiveCfg = Release|Any CPU
		{31D89988-A5C2-4C84-9BDA-9E6F8855B0A6}.Release|x86.Build.0 = Release|Any CPU
		{23F1921D-6F40-459C-AF8F-2BADFB2B66D1}.Debug|Any CPU.ActiveCfg = Debug|x86
		{23F1921D-6F40-459C-AF8F-2BADFB2B66D1}.Debug|ARM.ActiveCfg = Debug|ARM
		{23F1921D-6F40-459C-AF8F-2BADFB2B66D1}.Debug|ARM.Build.0 = Debug|ARM
		{23F1921D-6F40-459C-AF8F-2BADFB2B66D1}.Debug|ARM.Deploy.0 = Debug|ARM
		{23F1921D-6F40-459C-AF8F-2BADFB2B66D1}.Debug|ARM64.ActiveCfg = Debug|ARM64
		{23F1921D-6F40-459C-AF8F-2BADFB2B66D1}.Debug|ARM64.Build.0 = Debug|ARM64
		{23F1921D-6F40-459C-AF8F-2BADFB2B66D1}.Debug|ARM64.Deploy.0 = Debug|ARM64
		{23F1921D-6F40-459C-AF8F-2BADFB2B66D1}.Debug|x64.ActiveCfg = Debug|x64
		{23F1921D-6F40-459C-AF8F-2BADFB2B66D1}.Debug|x64.Build.0 = Debug|x64
		{23F1921D-6F40-459C-AF8F-2BADFB2B66D1}.Debug|x64.Deploy.0 = Debug|x64
		{23F1921D-6F40-459C-AF8F-2BADFB2B66D1}.Debug|x86.ActiveCfg = Debug|x86
		{23F1921D-6F40-459C-AF8F-2BADFB2B66D1}.Debug|x86.Build.0 = Debug|x86
		{23F1921D-6F40-459C-AF8F-2BADFB2B66D1}.Debug|x86.Deploy.0 = Debug|x86
		{23F1921D-6F40-459C-AF8F-2BADFB2B66D1}.Release|Any CPU.ActiveCfg = Release|x86
		{23F1921D-6F40-459C-AF8F-2BADFB2B66D1}.Release|ARM.ActiveCfg = Release|ARM
		{23F1921D-6F40-459C-AF8F-2BADFB2B66D1}.Release|ARM.Build.0 = Release|ARM
		{23F1921D-6F40-459C-AF8F-2BADFB2B66D1}.Release|ARM.Deploy.0 = Release|ARM
		{23F1921D-6F40-459C-AF8F-2BADFB2B66D1}.Release|ARM64.ActiveCfg = Release|ARM64
		{23F1921D-6F40-459C-AF8F-2BADFB2B66D1}.Release|ARM64.Build.0 = Release|ARM64
		{23F1921D-6F40-459C-AF8F-2BADFB2B66D1}.Release|ARM64.Deploy.0 = Release|ARM64
		{23F1921D-6F40-459C-AF8F-2BADFB2B66D1}.Release|x64.ActiveCfg = Release|x64
		{23F1921D-6F40-459C-AF8F-2BADFB2B66D1}.Release|x64.Build.0 = Release|x64
		{23F1921D-6F40-459C-AF8F-2BADFB2B66D1}.Release|x64.Deploy.0 = Release|x64
		{23F1921D-6F40-459C-AF8F-2BADFB2B66D1}.Release|x86.ActiveCfg = Release|x86
		{23F1921D-6F40-459C-AF8F-2BADFB2B66D1}.Release|x86.Build.0 = Release|x86
		{23F1921D-6F40-459C-AF8F-2BADFB2B66D1}.Release|x86.Deploy.0 = Release|x86
		{3BC0AC7E-3B3B-4D3F-9CC0-B2BDECC460A6}.Debug|Any CPU.ActiveCfg = Debug|Any CPU
		{3BC0AC7E-3B3B-4D3F-9CC0-B2BDECC460A6}.Debug|ARM.ActiveCfg = Debug|Any CPU
		{3BC0AC7E-3B3B-4D3F-9CC0-B2BDECC460A6}.Debug|ARM.Build.0 = Debug|Any CPU
		{3BC0AC7E-3B3B-4D3F-9CC0-B2BDECC460A6}.Debug|ARM.Deploy.0 = Debug|Any CPU
		{3BC0AC7E-3B3B-4D3F-9CC0-B2BDECC460A6}.Debug|ARM64.ActiveCfg = Debug|Any CPU
		{3BC0AC7E-3B3B-4D3F-9CC0-B2BDECC460A6}.Debug|ARM64.Build.0 = Debug|Any CPU
		{3BC0AC7E-3B3B-4D3F-9CC0-B2BDECC460A6}.Debug|ARM64.Deploy.0 = Debug|Any CPU
		{3BC0AC7E-3B3B-4D3F-9CC0-B2BDECC460A6}.Debug|x64.ActiveCfg = Debug|Any CPU
		{3BC0AC7E-3B3B-4D3F-9CC0-B2BDECC460A6}.Debug|x64.Build.0 = Debug|Any CPU
		{3BC0AC7E-3B3B-4D3F-9CC0-B2BDECC460A6}.Debug|x64.Deploy.0 = Debug|Any CPU
		{3BC0AC7E-3B3B-4D3F-9CC0-B2BDECC460A6}.Debug|x86.ActiveCfg = Debug|Any CPU
		{3BC0AC7E-3B3B-4D3F-9CC0-B2BDECC460A6}.Debug|x86.Build.0 = Debug|Any CPU
		{3BC0AC7E-3B3B-4D3F-9CC0-B2BDECC460A6}.Debug|x86.Deploy.0 = Debug|Any CPU
		{3BC0AC7E-3B3B-4D3F-9CC0-B2BDECC460A6}.Release|Any CPU.ActiveCfg = Release|Any CPU
		{3BC0AC7E-3B3B-4D3F-9CC0-B2BDECC460A6}.Release|Any CPU.Build.0 = Release|Any CPU
		{3BC0AC7E-3B3B-4D3F-9CC0-B2BDECC460A6}.Release|Any CPU.Deploy.0 = Release|Any CPU
		{3BC0AC7E-3B3B-4D3F-9CC0-B2BDECC460A6}.Release|ARM.ActiveCfg = Release|Any CPU
		{3BC0AC7E-3B3B-4D3F-9CC0-B2BDECC460A6}.Release|ARM.Build.0 = Release|Any CPU
		{3BC0AC7E-3B3B-4D3F-9CC0-B2BDECC460A6}.Release|ARM.Deploy.0 = Release|Any CPU
		{3BC0AC7E-3B3B-4D3F-9CC0-B2BDECC460A6}.Release|ARM64.ActiveCfg = Release|Any CPU
		{3BC0AC7E-3B3B-4D3F-9CC0-B2BDECC460A6}.Release|ARM64.Build.0 = Release|Any CPU
		{3BC0AC7E-3B3B-4D3F-9CC0-B2BDECC460A6}.Release|ARM64.Deploy.0 = Release|Any CPU
		{3BC0AC7E-3B3B-4D3F-9CC0-B2BDECC460A6}.Release|x64.ActiveCfg = Release|Any CPU
		{3BC0AC7E-3B3B-4D3F-9CC0-B2BDECC460A6}.Release|x64.Build.0 = Release|Any CPU
		{3BC0AC7E-3B3B-4D3F-9CC0-B2BDECC460A6}.Release|x64.Deploy.0 = Release|Any CPU
		{3BC0AC7E-3B3B-4D3F-9CC0-B2BDECC460A6}.Release|x86.ActiveCfg = Release|Any CPU
		{3BC0AC7E-3B3B-4D3F-9CC0-B2BDECC460A6}.Release|x86.Build.0 = Release|Any CPU
		{3BC0AC7E-3B3B-4D3F-9CC0-B2BDECC460A6}.Release|x86.Deploy.0 = Release|Any CPU
		{78B397AA-D2C0-4152-86C7-9542DE0606B8}.Debug|Any CPU.ActiveCfg = Debug|Any CPU
		{78B397AA-D2C0-4152-86C7-9542DE0606B8}.Debug|Any CPU.Build.0 = Debug|Any CPU
		{78B397AA-D2C0-4152-86C7-9542DE0606B8}.Debug|ARM.ActiveCfg = Debug|Any CPU
		{78B397AA-D2C0-4152-86C7-9542DE0606B8}.Debug|ARM.Build.0 = Debug|Any CPU
		{78B397AA-D2C0-4152-86C7-9542DE0606B8}.Debug|ARM64.ActiveCfg = Debug|Any CPU
		{78B397AA-D2C0-4152-86C7-9542DE0606B8}.Debug|ARM64.Build.0 = Debug|Any CPU
		{78B397AA-D2C0-4152-86C7-9542DE0606B8}.Debug|x64.ActiveCfg = Debug|Any CPU
		{78B397AA-D2C0-4152-86C7-9542DE0606B8}.Debug|x64.Build.0 = Debug|Any CPU
		{78B397AA-D2C0-4152-86C7-9542DE0606B8}.Debug|x86.ActiveCfg = Debug|Any CPU
		{78B397AA-D2C0-4152-86C7-9542DE0606B8}.Debug|x86.Build.0 = Debug|Any CPU
		{78B397AA-D2C0-4152-86C7-9542DE0606B8}.Release|Any CPU.ActiveCfg = Release|Any CPU
		{78B397AA-D2C0-4152-86C7-9542DE0606B8}.Release|Any CPU.Build.0 = Release|Any CPU
		{78B397AA-D2C0-4152-86C7-9542DE0606B8}.Release|ARM.ActiveCfg = Release|Any CPU
		{78B397AA-D2C0-4152-86C7-9542DE0606B8}.Release|ARM.Build.0 = Release|Any CPU
		{78B397AA-D2C0-4152-86C7-9542DE0606B8}.Release|ARM64.ActiveCfg = Release|Any CPU
		{78B397AA-D2C0-4152-86C7-9542DE0606B8}.Release|ARM64.Build.0 = Release|Any CPU
		{78B397AA-D2C0-4152-86C7-9542DE0606B8}.Release|x64.ActiveCfg = Release|Any CPU
		{78B397AA-D2C0-4152-86C7-9542DE0606B8}.Release|x64.Build.0 = Release|Any CPU
		{78B397AA-D2C0-4152-86C7-9542DE0606B8}.Release|x86.ActiveCfg = Release|Any CPU
		{78B397AA-D2C0-4152-86C7-9542DE0606B8}.Release|x86.Build.0 = Release|Any CPU
	EndGlobalSection
	GlobalSection(SolutionProperties) = preSolution
		HideSolutionNode = FALSE
	EndGlobalSection
	GlobalSection(NestedProjects) = preSolution
		{28FF6C92-6127-4DBA-913C-57CE38E94EA0} = {BA7B91B7-74D4-4F05-98CA-20AD916BEF34}
		{8A61D36A-A085-42E1-B5D2-BC2DDCA9B169} = {BA7B91B7-74D4-4F05-98CA-20AD916BEF34}
	EndGlobalSection
	GlobalSection(ExtensibilityGlobals) = postSolution
		SolutionGuid = {E96CC1F0-F306-471D-9AF4-F27F8A2DE753}
	EndGlobalSection
EndGlobal
