
Microsoft Visual Studio Solution File, Format Version 12.00
# Visual Studio Version 16
VisualStudioVersion = 16.0.30309.148
MinimumVisualStudioVersion = 10.0.40219.1
Project("{FAE04EC0-301F-11D3-BF4B-00C04F79EFBC}") = "ChatLib", "ChatLib\ChatLib.csproj", "{88AC8CEC-E6EA-46FE-9E7E-17AC0C162064}"
EndProject
Project("{FAE04EC0-301F-11D3-BF4B-00C04F79EFBC}") = "Server", "Server\Server.csproj", "{FC2261D1-720D-41C4-99A9-CE312FD0495E}"
EndProject
Project("{2150E333-8FDC-42A3-9474-1A3956D46DE8}") = "Vc", "Vc", "{BA7B91B7-74D4-4F05-98CA-20AD916BEF34}"
EndProject
Project("{FAE04EC0-301F-11D3-BF4B-00C04F79EFBC}") = "VCServer", "VCServer\VCServer.csproj", "{28FF6C92-6127-4DBA-913C-57CE38E94EA0}"
EndProject
Project("{FAE04EC0-301F-11D3-BF4B-00C04F79EFBC}") = "VCClient", "VCClient\VCClient.csproj", "{8A61D36A-A085-42E1-B5D2-BC2DDCA9B169}"
EndProject
Project("{FAE04EC0-301F-11D3-BF4B-00C04F79EFBC}") = "UWPClientUI", "NovaChatClient\UWPClientUI.csproj", "{23F1921D-6F40-459C-AF8F-2BADFB2B66D1}"
EndProject
Project("{FAE04EC0-301F-11D3-BF4B-00C04F79EFBC}") = "AndroidClient", "AndroidClient\AndroidClient.csproj", "{3BC0AC7E-3B3B-4D3F-9CC0-B2BDECC460A6}"
EndProject
Project("{FAE04EC0-301F-11D3-BF4B-00C04F79EFBC}") = "ClientUI", "Nova Chat Client\ClientUI.csproj", "{3F517993-7730-44A9-AE88-5449135A4796}"
EndProject
Project("{FAE04EC0-301F-11D3-BF4B-00C04F79EFBC}") = "SslTesting", "SslTesting\SslTesting.csproj", "{CC6E7A6A-0877-4DAC-A7B6-78E12F90E548}"
EndProject
Project("{FAE04EC0-301F-11D3-BF4B-00C04F79EFBC}") = "BotTemplate", "BotTemplate\BotTemplate.csproj", "{44365762-DBF0-4AEC-86A7-4E674E2F7853}"
EndProject
Project("{FAE04EC0-301F-11D3-BF4B-00C04F79EFBC}") = "ServerV2", "ServerV2\ServerV2.csproj", "{EE54F66B-B693-4D65-ADE7-B7B2924185C4}"
EndProject
Project("{2150E333-8FDC-42A3-9474-1A3956D46DE8}") = "Testing", "Testing", "{19D7E570-EB6B-4DF8-8579-97CBD9094365}"
EndProject
Project("{FAE04EC0-301F-11D3-BF4B-00C04F79EFBC}") = "TestServer", "TestServer\TestServer.csproj", "{4359AF9D-56BE-4FAF-BA06-EF540501FCF1}"
EndProject
Project("{FAE04EC0-301F-11D3-BF4B-00C04F79EFBC}") = "TestClient", "TestClient\TestClient.csproj", "{471577C6-6782-48E0-8850-4EE2FFCCC31A}"
EndProject
Project("{FAE04EC0-301F-11D3-BF4B-00C04F79EFBC}") = "ExampleBot", "ExampleBot\ExampleBot.csproj", "{FEBF97B5-BF7E-4A62-A84F-2B82DCB1304B}"
EndProject
Project("{FAE04EC0-301F-11D3-BF4B-00C04F79EFBC}") = "VoiceChatServer", "VoiceChatServer\VoiceChatServer.csproj", "{DD4DC67F-9F33-4AEA-80C4-B4966B381E32}"
EndProject
Project("{FAE04EC0-301F-11D3-BF4B-00C04F79EFBC}") = "VoiceChatClient", "VoiceChatClient\VoiceChatClient.csproj", "{143A74E0-50AD-476C-AD34-E7AE42069991}"
EndProject
Project("{FAE04EC0-301F-11D3-BF4B-00C04F79EFBC}") = "ChatLibUWP", "ChatLibUWP\ChatLibUWP.csproj", "{AF6A272D-EA72-4E27-8BAA-0752EE035F74}"
EndProject
Project("{FAE04EC0-301F-11D3-BF4B-00C04F79EFBC}") = "ServerStressTester", "ServerStressTester\ServerStressTester.csproj", "{4A929A3B-AD95-435B-96E4-4145E6355C06}"
EndProject
Global
	GlobalSection(SolutionConfigurationPlatforms) = preSolution
		Debug|Any CPU = Debug|Any CPU
		Debug|ARM = Debug|ARM
		Debug|ARM64 = Debug|ARM64
		Debug|x64 = Debug|x64
		Debug|x86 = Debug|x86
		Release|Any CPU = Release|Any CPU
		Release|ARM = Release|ARM
		Release|ARM64 = Release|ARM64
		Release|x64 = Release|x64
		Release|x86 = Release|x86
	EndGlobalSection
	GlobalSection(ProjectConfigurationPlatforms) = postSolution
		{88AC8CEC-E6EA-46FE-9E7E-17AC0C162064}.Debug|Any CPU.ActiveCfg = Debug|Any CPU
		{88AC8CEC-E6EA-46FE-9E7E-17AC0C162064}.Debug|Any CPU.Build.0 = Debug|Any CPU
		{88AC8CEC-E6EA-46FE-9E7E-17AC0C162064}.Debug|ARM.ActiveCfg = Debug|Any CPU
		{88AC8CEC-E6EA-46FE-9E7E-17AC0C162064}.Debug|ARM.Build.0 = Debug|Any CPU
		{88AC8CEC-E6EA-46FE-9E7E-17AC0C162064}.Debug|ARM64.ActiveCfg = Debug|Any CPU
		{88AC8CEC-E6EA-46FE-9E7E-17AC0C162064}.Debug|ARM64.Build.0 = Debug|Any CPU
		{88AC8CEC-E6EA-46FE-9E7E-17AC0C162064}.Debug|x64.ActiveCfg = Debug|Any CPU
		{88AC8CEC-E6EA-46FE-9E7E-17AC0C162064}.Debug|x64.Build.0 = Debug|Any CPU
		{88AC8CEC-E6EA-46FE-9E7E-17AC0C162064}.Debug|x86.ActiveCfg = Debug|Any CPU
		{88AC8CEC-E6EA-46FE-9E7E-17AC0C162064}.Debug|x86.Build.0 = Debug|Any CPU
		{88AC8CEC-E6EA-46FE-9E7E-17AC0C162064}.Release|Any CPU.ActiveCfg = Release|Any CPU
		{88AC8CEC-E6EA-46FE-9E7E-17AC0C162064}.Release|Any CPU.Build.0 = Release|Any CPU
		{88AC8CEC-E6EA-46FE-9E7E-17AC0C162064}.Release|ARM.ActiveCfg = Release|Any CPU
		{88AC8CEC-E6EA-46FE-9E7E-17AC0C162064}.Release|ARM.Build.0 = Release|Any CPU
		{88AC8CEC-E6EA-46FE-9E7E-17AC0C162064}.Release|ARM64.ActiveCfg = Release|Any CPU
		{88AC8CEC-E6EA-46FE-9E7E-17AC0C162064}.Release|ARM64.Build.0 = Release|Any CPU
		{88AC8CEC-E6EA-46FE-9E7E-17AC0C162064}.Release|x64.ActiveCfg = Release|Any CPU
		{88AC8CEC-E6EA-46FE-9E7E-17AC0C162064}.Release|x64.Build.0 = Release|Any CPU
		{88AC8CEC-E6EA-46FE-9E7E-17AC0C162064}.Release|x86.ActiveCfg = Release|Any CPU
		{88AC8CEC-E6EA-46FE-9E7E-17AC0C162064}.Release|x86.Build.0 = Release|Any CPU
		{FC2261D1-720D-41C4-99A9-CE312FD0495E}.Debug|Any CPU.ActiveCfg = Debug|Any CPU
		{FC2261D1-720D-41C4-99A9-CE312FD0495E}.Debug|Any CPU.Build.0 = Debug|Any CPU
		{FC2261D1-720D-41C4-99A9-CE312FD0495E}.Debug|ARM.ActiveCfg = Debug|Any CPU
		{FC2261D1-720D-41C4-99A9-CE312FD0495E}.Debug|ARM.Build.0 = Debug|Any CPU
		{FC2261D1-720D-41C4-99A9-CE312FD0495E}.Debug|ARM64.ActiveCfg = Debug|Any CPU
		{FC2261D1-720D-41C4-99A9-CE312FD0495E}.Debug|ARM64.Build.0 = Debug|Any CPU
		{FC2261D1-720D-41C4-99A9-CE312FD0495E}.Debug|x64.ActiveCfg = Debug|Any CPU
		{FC2261D1-720D-41C4-99A9-CE312FD0495E}.Debug|x64.Build.0 = Debug|Any CPU
		{FC2261D1-720D-41C4-99A9-CE312FD0495E}.Debug|x86.ActiveCfg = Debug|Any CPU
		{FC2261D1-720D-41C4-99A9-CE312FD0495E}.Debug|x86.Build.0 = Debug|Any CPU
		{FC2261D1-720D-41C4-99A9-CE312FD0495E}.Release|Any CPU.ActiveCfg = Release|Any CPU
		{FC2261D1-720D-41C4-99A9-CE312FD0495E}.Release|Any CPU.Build.0 = Release|Any CPU
		{FC2261D1-720D-41C4-99A9-CE312FD0495E}.Release|ARM.ActiveCfg = Release|Any CPU
		{FC2261D1-720D-41C4-99A9-CE312FD0495E}.Release|ARM.Build.0 = Release|Any CPU
		{FC2261D1-720D-41C4-99A9-CE312FD0495E}.Release|ARM64.ActiveCfg = Release|Any CPU
		{FC2261D1-720D-41C4-99A9-CE312FD0495E}.Release|ARM64.Build.0 = Release|Any CPU
		{FC2261D1-720D-41C4-99A9-CE312FD0495E}.Release|x64.ActiveCfg = Release|Any CPU
		{FC2261D1-720D-41C4-99A9-CE312FD0495E}.Release|x64.Build.0 = Release|Any CPU
		{FC2261D1-720D-41C4-99A9-CE312FD0495E}.Release|x86.ActiveCfg = Release|Any CPU
		{FC2261D1-720D-41C4-99A9-CE312FD0495E}.Release|x86.Build.0 = Release|Any CPU
		{28FF6C92-6127-4DBA-913C-57CE38E94EA0}.Debug|Any CPU.ActiveCfg = Debug|Any CPU
		{28FF6C92-6127-4DBA-913C-57CE38E94EA0}.Debug|Any CPU.Build.0 = Debug|Any CPU
		{28FF6C92-6127-4DBA-913C-57CE38E94EA0}.Debug|ARM.ActiveCfg = Debug|Any CPU
		{28FF6C92-6127-4DBA-913C-57CE38E94EA0}.Debug|ARM.Build.0 = Debug|Any CPU
		{28FF6C92-6127-4DBA-913C-57CE38E94EA0}.Debug|ARM64.ActiveCfg = Debug|Any CPU
		{28FF6C92-6127-4DBA-913C-57CE38E94EA0}.Debug|ARM64.Build.0 = Debug|Any CPU
		{28FF6C92-6127-4DBA-913C-57CE38E94EA0}.Debug|x64.ActiveCfg = Debug|Any CPU
		{28FF6C92-6127-4DBA-913C-57CE38E94EA0}.Debug|x64.Build.0 = Debug|Any CPU
		{28FF6C92-6127-4DBA-913C-57CE38E94EA0}.Debug|x86.ActiveCfg = Debug|Any CPU
		{28FF6C92-6127-4DBA-913C-57CE38E94EA0}.Debug|x86.Build.0 = Debug|Any CPU
		{28FF6C92-6127-4DBA-913C-57CE38E94EA0}.Release|Any CPU.ActiveCfg = Release|Any CPU
		{28FF6C92-6127-4DBA-913C-57CE38E94EA0}.Release|Any CPU.Build.0 = Release|Any CPU
		{28FF6C92-6127-4DBA-913C-57CE38E94EA0}.Release|ARM.ActiveCfg = Release|Any CPU
		{28FF6C92-6127-4DBA-913C-57CE38E94EA0}.Release|ARM.Build.0 = Release|Any CPU
		{28FF6C92-6127-4DBA-913C-57CE38E94EA0}.Release|ARM64.ActiveCfg = Release|Any CPU
		{28FF6C92-6127-4DBA-913C-57CE38E94EA0}.Release|ARM64.Build.0 = Release|Any CPU
		{28FF6C92-6127-4DBA-913C-57CE38E94EA0}.Release|x64.ActiveCfg = Release|Any CPU
		{28FF6C92-6127-4DBA-913C-57CE38E94EA0}.Release|x64.Build.0 = Release|Any CPU
		{28FF6C92-6127-4DBA-913C-57CE38E94EA0}.Release|x86.ActiveCfg = Release|Any CPU
		{28FF6C92-6127-4DBA-913C-57CE38E94EA0}.Release|x86.Build.0 = Release|Any CPU
		{8A61D36A-A085-42E1-B5D2-BC2DDCA9B169}.Debug|Any CPU.ActiveCfg = Debug|Any CPU
		{8A61D36A-A085-42E1-B5D2-BC2DDCA9B169}.Debug|Any CPU.Build.0 = Debug|Any CPU
		{8A61D36A-A085-42E1-B5D2-BC2DDCA9B169}.Debug|ARM.ActiveCfg = Debug|Any CPU
		{8A61D36A-A085-42E1-B5D2-BC2DDCA9B169}.Debug|ARM.Build.0 = Debug|Any CPU
		{8A61D36A-A085-42E1-B5D2-BC2DDCA9B169}.Debug|ARM64.ActiveCfg = Debug|Any CPU
		{8A61D36A-A085-42E1-B5D2-BC2DDCA9B169}.Debug|ARM64.Build.0 = Debug|Any CPU
		{8A61D36A-A085-42E1-B5D2-BC2DDCA9B169}.Debug|x64.ActiveCfg = Debug|Any CPU
		{8A61D36A-A085-42E1-B5D2-BC2DDCA9B169}.Debug|x64.Build.0 = Debug|Any CPU
		{8A61D36A-A085-42E1-B5D2-BC2DDCA9B169}.Debug|x86.ActiveCfg = Debug|Any CPU
		{8A61D36A-A085-42E1-B5D2-BC2DDCA9B169}.Debug|x86.Build.0 = Debug|Any CPU
		{8A61D36A-A085-42E1-B5D2-BC2DDCA9B169}.Release|Any CPU.ActiveCfg = Release|Any CPU
		{8A61D36A-A085-42E1-B5D2-BC2DDCA9B169}.Release|Any CPU.Build.0 = Release|Any CPU
		{8A61D36A-A085-42E1-B5D2-BC2DDCA9B169}.Release|ARM.ActiveCfg = Release|Any CPU
		{8A61D36A-A085-42E1-B5D2-BC2DDCA9B169}.Release|ARM.Build.0 = Release|Any CPU
		{8A61D36A-A085-42E1-B5D2-BC2DDCA9B169}.Release|ARM64.ActiveCfg = Release|Any CPU
		{8A61D36A-A085-42E1-B5D2-BC2DDCA9B169}.Release|ARM64.Build.0 = Release|Any CPU
		{8A61D36A-A085-42E1-B5D2-BC2DDCA9B169}.Release|x64.ActiveCfg = Release|Any CPU
		{8A61D36A-A085-42E1-B5D2-BC2DDCA9B169}.Release|x64.Build.0 = Release|Any CPU
		{8A61D36A-A085-42E1-B5D2-BC2DDCA9B169}.Release|x86.ActiveCfg = Release|Any CPU
		{8A61D36A-A085-42E1-B5D2-BC2DDCA9B169}.Release|x86.Build.0 = Release|Any CPU
		{23F1921D-6F40-459C-AF8F-2BADFB2B66D1}.Debug|Any CPU.ActiveCfg = Debug|x64
		{23F1921D-6F40-459C-AF8F-2BADFB2B66D1}.Debug|Any CPU.Build.0 = Debug|x64
		{23F1921D-6F40-459C-AF8F-2BADFB2B66D1}.Debug|ARM.ActiveCfg = Debug|ARM
		{23F1921D-6F40-459C-AF8F-2BADFB2B66D1}.Debug|ARM.Build.0 = Debug|ARM
		{23F1921D-6F40-459C-AF8F-2BADFB2B66D1}.Debug|ARM.Deploy.0 = Debug|ARM
		{23F1921D-6F40-459C-AF8F-2BADFB2B66D1}.Debug|ARM64.ActiveCfg = Debug|ARM64
		{23F1921D-6F40-459C-AF8F-2BADFB2B66D1}.Debug|ARM64.Build.0 = Debug|ARM64
		{23F1921D-6F40-459C-AF8F-2BADFB2B66D1}.Debug|ARM64.Deploy.0 = Debug|ARM64
		{23F1921D-6F40-459C-AF8F-2BADFB2B66D1}.Debug|x64.ActiveCfg = Debug|x64
		{23F1921D-6F40-459C-AF8F-2BADFB2B66D1}.Debug|x64.Build.0 = Debug|x64
		{23F1921D-6F40-459C-AF8F-2BADFB2B66D1}.Debug|x64.Deploy.0 = Debug|x64
		{23F1921D-6F40-459C-AF8F-2BADFB2B66D1}.Debug|x86.ActiveCfg = Debug|x86
		{23F1921D-6F40-459C-AF8F-2BADFB2B66D1}.Debug|x86.Build.0 = Debug|x86
		{23F1921D-6F40-459C-AF8F-2BADFB2B66D1}.Debug|x86.Deploy.0 = Debug|x86
		{23F1921D-6F40-459C-AF8F-2BADFB2B66D1}.Release|Any CPU.ActiveCfg = Release|x86
		{23F1921D-6F40-459C-AF8F-2BADFB2B66D1}.Release|ARM.ActiveCfg = Release|ARM
		{23F1921D-6F40-459C-AF8F-2BADFB2B66D1}.Release|ARM.Build.0 = Release|ARM
		{23F1921D-6F40-459C-AF8F-2BADFB2B66D1}.Release|ARM.Deploy.0 = Release|ARM
		{23F1921D-6F40-459C-AF8F-2BADFB2B66D1}.Release|ARM64.ActiveCfg = Release|ARM64
		{23F1921D-6F40-459C-AF8F-2BADFB2B66D1}.Release|ARM64.Build.0 = Release|ARM64
		{23F1921D-6F40-459C-AF8F-2BADFB2B66D1}.Release|ARM64.Deploy.0 = Release|ARM64
		{23F1921D-6F40-459C-AF8F-2BADFB2B66D1}.Release|x64.ActiveCfg = Release|x64
		{23F1921D-6F40-459C-AF8F-2BADFB2B66D1}.Release|x64.Build.0 = Release|x64
		{23F1921D-6F40-459C-AF8F-2BADFB2B66D1}.Release|x64.Deploy.0 = Release|x64
		{23F1921D-6F40-459C-AF8F-2BADFB2B66D1}.Release|x86.ActiveCfg = Release|x86
		{23F1921D-6F40-459C-AF8F-2BADFB2B66D1}.Release|x86.Build.0 = Release|x86
		{23F1921D-6F40-459C-AF8F-2BADFB2B66D1}.Release|x86.Deploy.0 = Release|x86
		{3BC0AC7E-3B3B-4D3F-9CC0-B2BDECC460A6}.Debug|Any CPU.ActiveCfg = Debug|Any CPU
		{3BC0AC7E-3B3B-4D3F-9CC0-B2BDECC460A6}.Debug|ARM.ActiveCfg = Debug|Any CPU
		{3BC0AC7E-3B3B-4D3F-9CC0-B2BDECC460A6}.Debug|ARM.Build.0 = Debug|Any CPU
		{3BC0AC7E-3B3B-4D3F-9CC0-B2BDECC460A6}.Debug|ARM.Deploy.0 = Debug|Any CPU
		{3BC0AC7E-3B3B-4D3F-9CC0-B2BDECC460A6}.Debug|ARM64.ActiveCfg = Debug|Any CPU
		{3BC0AC7E-3B3B-4D3F-9CC0-B2BDECC460A6}.Debug|ARM64.Build.0 = Debug|Any CPU
		{3BC0AC7E-3B3B-4D3F-9CC0-B2BDECC460A6}.Debug|ARM64.Deploy.0 = Debug|Any CPU
		{3BC0AC7E-3B3B-4D3F-9CC0-B2BDECC460A6}.Debug|x64.ActiveCfg = Debug|Any CPU
		{3BC0AC7E-3B3B-4D3F-9CC0-B2BDECC460A6}.Debug|x64.Build.0 = Debug|Any CPU
		{3BC0AC7E-3B3B-4D3F-9CC0-B2BDECC460A6}.Debug|x64.Deploy.0 = Debug|Any CPU
		{3BC0AC7E-3B3B-4D3F-9CC0-B2BDECC460A6}.Debug|x86.ActiveCfg = Debug|Any CPU
		{3BC0AC7E-3B3B-4D3F-9CC0-B2BDECC460A6}.Debug|x86.Build.0 = Debug|Any CPU
		{3BC0AC7E-3B3B-4D3F-9CC0-B2BDECC460A6}.Debug|x86.Deploy.0 = Debug|Any CPU
		{3BC0AC7E-3B3B-4D3F-9CC0-B2BDECC460A6}.Release|Any CPU.ActiveCfg = Release|Any CPU
		{3BC0AC7E-3B3B-4D3F-9CC0-B2BDECC460A6}.Release|Any CPU.Build.0 = Release|Any CPU
		{3BC0AC7E-3B3B-4D3F-9CC0-B2BDECC460A6}.Release|Any CPU.Deploy.0 = Release|Any CPU
		{3BC0AC7E-3B3B-4D3F-9CC0-B2BDECC460A6}.Release|ARM.ActiveCfg = Release|Any CPU
		{3BC0AC7E-3B3B-4D3F-9CC0-B2BDECC460A6}.Release|ARM.Build.0 = Release|Any CPU
		{3BC0AC7E-3B3B-4D3F-9CC0-B2BDECC460A6}.Release|ARM.Deploy.0 = Release|Any CPU
		{3BC0AC7E-3B3B-4D3F-9CC0-B2BDECC460A6}.Release|ARM64.ActiveCfg = Release|Any CPU
		{3BC0AC7E-3B3B-4D3F-9CC0-B2BDECC460A6}.Release|ARM64.Build.0 = Release|Any CPU
		{3BC0AC7E-3B3B-4D3F-9CC0-B2BDECC460A6}.Release|ARM64.Deploy.0 = Release|Any CPU
		{3BC0AC7E-3B3B-4D3F-9CC0-B2BDECC460A6}.Release|x64.ActiveCfg = Release|Any CPU
		{3BC0AC7E-3B3B-4D3F-9CC0-B2BDECC460A6}.Release|x64.Build.0 = Release|Any CPU
		{3BC0AC7E-3B3B-4D3F-9CC0-B2BDECC460A6}.Release|x64.Deploy.0 = Release|Any CPU
		{3BC0AC7E-3B3B-4D3F-9CC0-B2BDECC460A6}.Release|x86.ActiveCfg = Release|Any CPU
		{3BC0AC7E-3B3B-4D3F-9CC0-B2BDECC460A6}.Release|x86.Build.0 = Release|Any CPU
		{3BC0AC7E-3B3B-4D3F-9CC0-B2BDECC460A6}.Release|x86.Deploy.0 = Release|Any CPU
		{3F517993-7730-44A9-AE88-5449135A4796}.Debug|Any CPU.ActiveCfg = Debug|Any CPU
		{3F517993-7730-44A9-AE88-5449135A4796}.Debug|Any CPU.Build.0 = Debug|Any CPU
		{3F517993-7730-44A9-AE88-5449135A4796}.Debug|ARM.ActiveCfg = Debug|Any CPU
		{3F517993-7730-44A9-AE88-5449135A4796}.Debug|ARM.Build.0 = Debug|Any CPU
		{3F517993-7730-44A9-AE88-5449135A4796}.Debug|ARM64.ActiveCfg = Debug|Any CPU
		{3F517993-7730-44A9-AE88-5449135A4796}.Debug|ARM64.Build.0 = Debug|Any CPU
		{3F517993-7730-44A9-AE88-5449135A4796}.Debug|x64.ActiveCfg = Debug|Any CPU
		{3F517993-7730-44A9-AE88-5449135A4796}.Debug|x64.Build.0 = Debug|Any CPU
		{3F517993-7730-44A9-AE88-5449135A4796}.Debug|x86.ActiveCfg = Debug|Any CPU
		{3F517993-7730-44A9-AE88-5449135A4796}.Debug|x86.Build.0 = Debug|Any CPU
		{3F517993-7730-44A9-AE88-5449135A4796}.Release|Any CPU.ActiveCfg = Release|Any CPU
		{3F517993-7730-44A9-AE88-5449135A4796}.Release|Any CPU.Build.0 = Release|Any CPU
		{3F517993-7730-44A9-AE88-5449135A4796}.Release|ARM.ActiveCfg = Release|Any CPU
		{3F517993-7730-44A9-AE88-5449135A4796}.Release|ARM.Build.0 = Release|Any CPU
		{3F517993-7730-44A9-AE88-5449135A4796}.Release|ARM64.ActiveCfg = Release|Any CPU
		{3F517993-7730-44A9-AE88-5449135A4796}.Release|ARM64.Build.0 = Release|Any CPU
		{3F517993-7730-44A9-AE88-5449135A4796}.Release|x64.ActiveCfg = Release|Any CPU
		{3F517993-7730-44A9-AE88-5449135A4796}.Release|x64.Build.0 = Release|Any CPU
		{3F517993-7730-44A9-AE88-5449135A4796}.Release|x86.ActiveCfg = Release|Any CPU
		{3F517993-7730-44A9-AE88-5449135A4796}.Release|x86.Build.0 = Release|Any CPU
		{CC6E7A6A-0877-4DAC-A7B6-78E12F90E548}.Debug|Any CPU.ActiveCfg = Debug|Any CPU
		{CC6E7A6A-0877-4DAC-A7B6-78E12F90E548}.Debug|Any CPU.Build.0 = Debug|Any CPU
		{CC6E7A6A-0877-4DAC-A7B6-78E12F90E548}.Debug|ARM.ActiveCfg = Debug|Any CPU
		{CC6E7A6A-0877-4DAC-A7B6-78E12F90E548}.Debug|ARM.Build.0 = Debug|Any CPU
		{CC6E7A6A-0877-4DAC-A7B6-78E12F90E548}.Debug|ARM64.ActiveCfg = Debug|Any CPU
		{CC6E7A6A-0877-4DAC-A7B6-78E12F90E548}.Debug|ARM64.Build.0 = Debug|Any CPU
		{CC6E7A6A-0877-4DAC-A7B6-78E12F90E548}.Debug|x64.ActiveCfg = Debug|Any CPU
		{CC6E7A6A-0877-4DAC-A7B6-78E12F90E548}.Debug|x64.Build.0 = Debug|Any CPU
		{CC6E7A6A-0877-4DAC-A7B6-78E12F90E548}.Debug|x86.ActiveCfg = Debug|Any CPU
		{CC6E7A6A-0877-4DAC-A7B6-78E12F90E548}.Debug|x86.Build.0 = Debug|Any CPU
		{CC6E7A6A-0877-4DAC-A7B6-78E12F90E548}.Release|Any CPU.ActiveCfg = Release|Any CPU
		{CC6E7A6A-0877-4DAC-A7B6-78E12F90E548}.Release|Any CPU.Build.0 = Release|Any CPU
		{CC6E7A6A-0877-4DAC-A7B6-78E12F90E548}.Release|ARM.ActiveCfg = Release|Any CPU
		{CC6E7A6A-0877-4DAC-A7B6-78E12F90E548}.Release|ARM.Build.0 = Release|Any CPU
		{CC6E7A6A-0877-4DAC-A7B6-78E12F90E548}.Release|ARM64.ActiveCfg = Release|Any CPU
		{CC6E7A6A-0877-4DAC-A7B6-78E12F90E548}.Release|ARM64.Build.0 = Release|Any CPU
		{CC6E7A6A-0877-4DAC-A7B6-78E12F90E548}.Release|x64.ActiveCfg = Release|Any CPU
		{CC6E7A6A-0877-4DAC-A7B6-78E12F90E548}.Release|x64.Build.0 = Release|Any CPU
		{CC6E7A6A-0877-4DAC-A7B6-78E12F90E548}.Release|x86.ActiveCfg = Release|Any CPU
		{CC6E7A6A-0877-4DAC-A7B6-78E12F90E548}.Release|x86.Build.0 = Release|Any CPU
		{44365762-DBF0-4AEC-86A7-4E674E2F7853}.Debug|Any CPU.ActiveCfg = Debug|Any CPU
		{44365762-DBF0-4AEC-86A7-4E674E2F7853}.Debug|Any CPU.Build.0 = Debug|Any CPU
		{44365762-DBF0-4AEC-86A7-4E674E2F7853}.Debug|ARM.ActiveCfg = Debug|Any CPU
		{44365762-DBF0-4AEC-86A7-4E674E2F7853}.Debug|ARM.Build.0 = Debug|Any CPU
		{44365762-DBF0-4AEC-86A7-4E674E2F7853}.Debug|ARM64.ActiveCfg = Debug|Any CPU
		{44365762-DBF0-4AEC-86A7-4E674E2F7853}.Debug|ARM64.Build.0 = Debug|Any CPU
		{44365762-DBF0-4AEC-86A7-4E674E2F7853}.Debug|x64.ActiveCfg = Debug|Any CPU
		{44365762-DBF0-4AEC-86A7-4E674E2F7853}.Debug|x64.Build.0 = Debug|Any CPU
		{44365762-DBF0-4AEC-86A7-4E674E2F7853}.Debug|x86.ActiveCfg = Debug|Any CPU
		{44365762-DBF0-4AEC-86A7-4E674E2F7853}.Debug|x86.Build.0 = Debug|Any CPU
		{44365762-DBF0-4AEC-86A7-4E674E2F7853}.Release|Any CPU.ActiveCfg = Release|Any CPU
		{44365762-DBF0-4AEC-86A7-4E674E2F7853}.Release|Any CPU.Build.0 = Release|Any CPU
		{44365762-DBF0-4AEC-86A7-4E674E2F7853}.Release|ARM.ActiveCfg = Release|Any CPU
		{44365762-DBF0-4AEC-86A7-4E674E2F7853}.Release|ARM.Build.0 = Release|Any CPU
		{44365762-DBF0-4AEC-86A7-4E674E2F7853}.Release|ARM64.ActiveCfg = Release|Any CPU
		{44365762-DBF0-4AEC-86A7-4E674E2F7853}.Release|ARM64.Build.0 = Release|Any CPU
		{44365762-DBF0-4AEC-86A7-4E674E2F7853}.Release|x64.ActiveCfg = Release|Any CPU
		{44365762-DBF0-4AEC-86A7-4E674E2F7853}.Release|x64.Build.0 = Release|Any CPU
		{44365762-DBF0-4AEC-86A7-4E674E2F7853}.Release|x86.ActiveCfg = Release|Any CPU
		{44365762-DBF0-4AEC-86A7-4E674E2F7853}.Release|x86.Build.0 = Release|Any CPU
		{EE54F66B-B693-4D65-ADE7-B7B2924185C4}.Debug|Any CPU.ActiveCfg = Debug|Any CPU
		{EE54F66B-B693-4D65-ADE7-B7B2924185C4}.Debug|Any CPU.Build.0 = Debug|Any CPU
		{EE54F66B-B693-4D65-ADE7-B7B2924185C4}.Debug|ARM.ActiveCfg = Debug|Any CPU
		{EE54F66B-B693-4D65-ADE7-B7B2924185C4}.Debug|ARM.Build.0 = Debug|Any CPU
		{EE54F66B-B693-4D65-ADE7-B7B2924185C4}.Debug|ARM64.ActiveCfg = Debug|Any CPU
		{EE54F66B-B693-4D65-ADE7-B7B2924185C4}.Debug|ARM64.Build.0 = Debug|Any CPU
		{EE54F66B-B693-4D65-ADE7-B7B2924185C4}.Debug|x64.ActiveCfg = Debug|Any CPU
		{EE54F66B-B693-4D65-ADE7-B7B2924185C4}.Debug|x64.Build.0 = Debug|Any CPU
		{EE54F66B-B693-4D65-ADE7-B7B2924185C4}.Debug|x86.ActiveCfg = Debug|Any CPU
		{EE54F66B-B693-4D65-ADE7-B7B2924185C4}.Debug|x86.Build.0 = Debug|Any CPU
		{EE54F66B-B693-4D65-ADE7-B7B2924185C4}.Release|Any CPU.ActiveCfg = Release|Any CPU
		{EE54F66B-B693-4D65-ADE7-B7B2924185C4}.Release|Any CPU.Build.0 = Release|Any CPU
		{EE54F66B-B693-4D65-ADE7-B7B2924185C4}.Release|ARM.ActiveCfg = Release|Any CPU
		{EE54F66B-B693-4D65-ADE7-B7B2924185C4}.Release|ARM.Build.0 = Release|Any CPU
		{EE54F66B-B693-4D65-ADE7-B7B2924185C4}.Release|ARM64.ActiveCfg = Release|Any CPU
		{EE54F66B-B693-4D65-ADE7-B7B2924185C4}.Release|ARM64.Build.0 = Release|Any CPU
		{EE54F66B-B693-4D65-ADE7-B7B2924185C4}.Release|x64.ActiveCfg = Release|Any CPU
		{EE54F66B-B693-4D65-ADE7-B7B2924185C4}.Release|x64.Build.0 = Release|Any CPU
		{EE54F66B-B693-4D65-ADE7-B7B2924185C4}.Release|x86.ActiveCfg = Release|Any CPU
		{EE54F66B-B693-4D65-ADE7-B7B2924185C4}.Release|x86.Build.0 = Release|Any CPU
		{4359AF9D-56BE-4FAF-BA06-EF540501FCF1}.Debug|Any CPU.ActiveCfg = Debug|Any CPU
		{4359AF9D-56BE-4FAF-BA06-EF540501FCF1}.Debug|Any CPU.Build.0 = Debug|Any CPU
		{4359AF9D-56BE-4FAF-BA06-EF540501FCF1}.Debug|ARM.ActiveCfg = Debug|Any CPU
		{4359AF9D-56BE-4FAF-BA06-EF540501FCF1}.Debug|ARM.Build.0 = Debug|Any CPU
		{4359AF9D-56BE-4FAF-BA06-EF540501FCF1}.Debug|ARM64.ActiveCfg = Debug|Any CPU
		{4359AF9D-56BE-4FAF-BA06-EF540501FCF1}.Debug|ARM64.Build.0 = Debug|Any CPU
		{4359AF9D-56BE-4FAF-BA06-EF540501FCF1}.Debug|x64.ActiveCfg = Debug|Any CPU
		{4359AF9D-56BE-4FAF-BA06-EF540501FCF1}.Debug|x64.Build.0 = Debug|Any CPU
		{4359AF9D-56BE-4FAF-BA06-EF540501FCF1}.Debug|x86.ActiveCfg = Debug|Any CPU
		{4359AF9D-56BE-4FAF-BA06-EF540501FCF1}.Debug|x86.Build.0 = Debug|Any CPU
		{4359AF9D-56BE-4FAF-BA06-EF540501FCF1}.Release|Any CPU.ActiveCfg = Release|Any CPU
		{4359AF9D-56BE-4FAF-BA06-EF540501FCF1}.Release|Any CPU.Build.0 = Release|Any CPU
		{4359AF9D-56BE-4FAF-BA06-EF540501FCF1}.Release|ARM.ActiveCfg = Release|Any CPU
		{4359AF9D-56BE-4FAF-BA06-EF540501FCF1}.Release|ARM.Build.0 = Release|Any CPU
		{4359AF9D-56BE-4FAF-BA06-EF540501FCF1}.Release|ARM64.ActiveCfg = Release|Any CPU
		{4359AF9D-56BE-4FAF-BA06-EF540501FCF1}.Release|ARM64.Build.0 = Release|Any CPU
		{4359AF9D-56BE-4FAF-BA06-EF540501FCF1}.Release|x64.ActiveCfg = Release|Any CPU
		{4359AF9D-56BE-4FAF-BA06-EF540501FCF1}.Release|x64.Build.0 = Release|Any CPU
		{4359AF9D-56BE-4FAF-BA06-EF540501FCF1}.Release|x86.ActiveCfg = Release|Any CPU
		{4359AF9D-56BE-4FAF-BA06-EF540501FCF1}.Release|x86.Build.0 = Release|Any CPU
		{471577C6-6782-48E0-8850-4EE2FFCCC31A}.Debug|Any CPU.ActiveCfg = Debug|Any CPU
		{471577C6-6782-48E0-8850-4EE2FFCCC31A}.Debug|Any CPU.Build.0 = Debug|Any CPU
		{471577C6-6782-48E0-8850-4EE2FFCCC31A}.Debug|ARM.ActiveCfg = Debug|Any CPU
		{471577C6-6782-48E0-8850-4EE2FFCCC31A}.Debug|ARM.Build.0 = Debug|Any CPU
		{471577C6-6782-48E0-8850-4EE2FFCCC31A}.Debug|ARM64.ActiveCfg = Debug|Any CPU
		{471577C6-6782-48E0-8850-4EE2FFCCC31A}.Debug|ARM64.Build.0 = Debug|Any CPU
		{471577C6-6782-48E0-8850-4EE2FFCCC31A}.Debug|x64.ActiveCfg = Debug|Any CPU
		{471577C6-6782-48E0-8850-4EE2FFCCC31A}.Debug|x64.Build.0 = Debug|Any CPU
		{471577C6-6782-48E0-8850-4EE2FFCCC31A}.Debug|x86.ActiveCfg = Debug|Any CPU
		{471577C6-6782-48E0-8850-4EE2FFCCC31A}.Debug|x86.Build.0 = Debug|Any CPU
		{471577C6-6782-48E0-8850-4EE2FFCCC31A}.Release|Any CPU.ActiveCfg = Release|Any CPU
		{471577C6-6782-48E0-8850-4EE2FFCCC31A}.Release|Any CPU.Build.0 = Release|Any CPU
		{471577C6-6782-48E0-8850-4EE2FFCCC31A}.Release|ARM.ActiveCfg = Release|Any CPU
		{471577C6-6782-48E0-8850-4EE2FFCCC31A}.Release|ARM.Build.0 = Release|Any CPU
		{471577C6-6782-48E0-8850-4EE2FFCCC31A}.Release|ARM64.ActiveCfg = Release|Any CPU
		{471577C6-6782-48E0-8850-4EE2FFCCC31A}.Release|ARM64.Build.0 = Release|Any CPU
		{471577C6-6782-48E0-8850-4EE2FFCCC31A}.Release|x64.ActiveCfg = Release|Any CPU
		{471577C6-6782-48E0-8850-4EE2FFCCC31A}.Release|x64.Build.0 = Release|Any CPU
		{471577C6-6782-48E0-8850-4EE2FFCCC31A}.Release|x86.ActiveCfg = Release|Any CPU
		{471577C6-6782-48E0-8850-4EE2FFCCC31A}.Release|x86.Build.0 = Release|Any CPU
		{FEBF97B5-BF7E-4A62-A84F-2B82DCB1304B}.Debug|Any CPU.ActiveCfg = Debug|Any CPU
		{FEBF97B5-BF7E-4A62-A84F-2B82DCB1304B}.Debug|Any CPU.Build.0 = Debug|Any CPU
		{FEBF97B5-BF7E-4A62-A84F-2B82DCB1304B}.Debug|ARM.ActiveCfg = Debug|Any CPU
		{FEBF97B5-BF7E-4A62-A84F-2B82DCB1304B}.Debug|ARM.Build.0 = Debug|Any CPU
		{FEBF97B5-BF7E-4A62-A84F-2B82DCB1304B}.Debug|ARM64.ActiveCfg = Debug|Any CPU
		{FEBF97B5-BF7E-4A62-A84F-2B82DCB1304B}.Debug|ARM64.Build.0 = Debug|Any CPU
		{FEBF97B5-BF7E-4A62-A84F-2B82DCB1304B}.Debug|x64.ActiveCfg = Debug|Any CPU
		{FEBF97B5-BF7E-4A62-A84F-2B82DCB1304B}.Debug|x64.Build.0 = Debug|Any CPU
		{FEBF97B5-BF7E-4A62-A84F-2B82DCB1304B}.Debug|x86.ActiveCfg = Debug|Any CPU
		{FEBF97B5-BF7E-4A62-A84F-2B82DCB1304B}.Debug|x86.Build.0 = Debug|Any CPU
		{FEBF97B5-BF7E-4A62-A84F-2B82DCB1304B}.Release|Any CPU.ActiveCfg = Release|Any CPU
		{FEBF97B5-BF7E-4A62-A84F-2B82DCB1304B}.Release|Any CPU.Build.0 = Release|Any CPU
		{FEBF97B5-BF7E-4A62-A84F-2B82DCB1304B}.Release|ARM.ActiveCfg = Release|Any CPU
		{FEBF97B5-BF7E-4A62-A84F-2B82DCB1304B}.Release|ARM.Build.0 = Release|Any CPU
		{FEBF97B5-BF7E-4A62-A84F-2B82DCB1304B}.Release|ARM64.ActiveCfg = Release|Any CPU
		{FEBF97B5-BF7E-4A62-A84F-2B82DCB1304B}.Release|ARM64.Build.0 = Release|Any CPU
		{FEBF97B5-BF7E-4A62-A84F-2B82DCB1304B}.Release|x64.ActiveCfg = Release|Any CPU
		{FEBF97B5-BF7E-4A62-A84F-2B82DCB1304B}.Release|x64.Build.0 = Release|Any CPU
		{FEBF97B5-BF7E-4A62-A84F-2B82DCB1304B}.Release|x86.ActiveCfg = Release|Any CPU
		{FEBF97B5-BF7E-4A62-A84F-2B82DCB1304B}.Release|x86.Build.0 = Release|Any CPU
		{DD4DC67F-9F33-4AEA-80C4-B4966B381E32}.Debug|Any CPU.ActiveCfg = Debug|Any CPU
		{DD4DC67F-9F33-4AEA-80C4-B4966B381E32}.Debug|Any CPU.Build.0 = Debug|Any CPU
		{DD4DC67F-9F33-4AEA-80C4-B4966B381E32}.Debug|ARM.ActiveCfg = Debug|Any CPU
		{DD4DC67F-9F33-4AEA-80C4-B4966B381E32}.Debug|ARM.Build.0 = Debug|Any CPU
		{DD4DC67F-9F33-4AEA-80C4-B4966B381E32}.Debug|ARM64.ActiveCfg = Debug|Any CPU
		{DD4DC67F-9F33-4AEA-80C4-B4966B381E32}.Debug|ARM64.Build.0 = Debug|Any CPU
		{DD4DC67F-9F33-4AEA-80C4-B4966B381E32}.Debug|x64.ActiveCfg = Debug|Any CPU
		{DD4DC67F-9F33-4AEA-80C4-B4966B381E32}.Debug|x64.Build.0 = Debug|Any CPU
		{DD4DC67F-9F33-4AEA-80C4-B4966B381E32}.Debug|x86.ActiveCfg = Debug|Any CPU
		{DD4DC67F-9F33-4AEA-80C4-B4966B381E32}.Debug|x86.Build.0 = Debug|Any CPU
		{DD4DC67F-9F33-4AEA-80C4-B4966B381E32}.Release|Any CPU.ActiveCfg = Release|Any CPU
		{DD4DC67F-9F33-4AEA-80C4-B4966B381E32}.Release|Any CPU.Build.0 = Release|Any CPU
		{DD4DC67F-9F33-4AEA-80C4-B4966B381E32}.Release|ARM.ActiveCfg = Release|Any CPU
		{DD4DC67F-9F33-4AEA-80C4-B4966B381E32}.Release|ARM.Build.0 = Release|Any CPU
		{DD4DC67F-9F33-4AEA-80C4-B4966B381E32}.Release|ARM64.ActiveCfg = Release|Any CPU
		{DD4DC67F-9F33-4AEA-80C4-B4966B381E32}.Release|ARM64.Build.0 = Release|Any CPU
		{DD4DC67F-9F33-4AEA-80C4-B4966B381E32}.Release|x64.ActiveCfg = Release|Any CPU
		{DD4DC67F-9F33-4AEA-80C4-B4966B381E32}.Release|x64.Build.0 = Release|Any CPU
		{DD4DC67F-9F33-4AEA-80C4-B4966B381E32}.Release|x86.ActiveCfg = Release|Any CPU
		{DD4DC67F-9F33-4AEA-80C4-B4966B381E32}.Release|x86.Build.0 = Release|Any CPU
		{143A74E0-50AD-476C-AD34-E7AE42069991}.Debug|Any CPU.ActiveCfg = Debug|Any CPU
		{143A74E0-50AD-476C-AD34-E7AE42069991}.Debug|Any CPU.Build.0 = Debug|Any CPU
		{143A74E0-50AD-476C-AD34-E7AE42069991}.Debug|ARM.ActiveCfg = Debug|Any CPU
		{143A74E0-50AD-476C-AD34-E7AE42069991}.Debug|ARM.Build.0 = Debug|Any CPU
		{143A74E0-50AD-476C-AD34-E7AE42069991}.Debug|ARM64.ActiveCfg = Debug|Any CPU
		{143A74E0-50AD-476C-AD34-E7AE42069991}.Debug|ARM64.Build.0 = Debug|Any CPU
		{143A74E0-50AD-476C-AD34-E7AE42069991}.Debug|x64.ActiveCfg = Debug|Any CPU
		{143A74E0-50AD-476C-AD34-E7AE42069991}.Debug|x64.Build.0 = Debug|Any CPU
		{143A74E0-50AD-476C-AD34-E7AE42069991}.Debug|x86.ActiveCfg = Debug|Any CPU
		{143A74E0-50AD-476C-AD34-E7AE42069991}.Debug|x86.Build.0 = Debug|Any CPU
		{143A74E0-50AD-476C-AD34-E7AE42069991}.Release|Any CPU.ActiveCfg = Release|Any CPU
		{143A74E0-50AD-476C-AD34-E7AE42069991}.Release|Any CPU.Build.0 = Release|Any CPU
		{143A74E0-50AD-476C-AD34-E7AE42069991}.Release|ARM.ActiveCfg = Release|Any CPU
		{143A74E0-50AD-476C-AD34-E7AE42069991}.Release|ARM.Build.0 = Release|Any CPU
		{143A74E0-50AD-476C-AD34-E7AE42069991}.Release|ARM64.ActiveCfg = Release|Any CPU
		{143A74E0-50AD-476C-AD34-E7AE42069991}.Release|ARM64.Build.0 = Release|Any CPU
		{143A74E0-50AD-476C-AD34-E7AE42069991}.Release|x64.ActiveCfg = Release|Any CPU
		{143A74E0-50AD-476C-AD34-E7AE42069991}.Release|x64.Build.0 = Release|Any CPU
		{143A74E0-50AD-476C-AD34-E7AE42069991}.Release|x86.ActiveCfg = Release|Any CPU
		{143A74E0-50AD-476C-AD34-E7AE42069991}.Release|x86.Build.0 = Release|Any CPU
		{AF6A272D-EA72-4E27-8BAA-0752EE035F74}.Debug|Any CPU.ActiveCfg = Debug|Any CPU
		{AF6A272D-EA72-4E27-8BAA-0752EE035F74}.Debug|Any CPU.Build.0 = Debug|Any CPU
		{AF6A272D-EA72-4E27-8BAA-0752EE035F74}.Debug|ARM.ActiveCfg = Debug|ARM
		{AF6A272D-EA72-4E27-8BAA-0752EE035F74}.Debug|ARM.Build.0 = Debug|ARM
		{AF6A272D-EA72-4E27-8BAA-0752EE035F74}.Debug|ARM64.ActiveCfg = Debug|ARM64
		{AF6A272D-EA72-4E27-8BAA-0752EE035F74}.Debug|ARM64.Build.0 = Debug|ARM64
		{AF6A272D-EA72-4E27-8BAA-0752EE035F74}.Debug|x64.ActiveCfg = Debug|x64
		{AF6A272D-EA72-4E27-8BAA-0752EE035F74}.Debug|x64.Build.0 = Debug|x64
		{AF6A272D-EA72-4E27-8BAA-0752EE035F74}.Debug|x86.ActiveCfg = Debug|x86
		{AF6A272D-EA72-4E27-8BAA-0752EE035F74}.Debug|x86.Build.0 = Debug|x86
		{AF6A272D-EA72-4E27-8BAA-0752EE035F74}.Release|Any CPU.ActiveCfg = Release|Any CPU
		{AF6A272D-EA72-4E27-8BAA-0752EE035F74}.Release|Any CPU.Build.0 = Release|Any CPU
		{AF6A272D-EA72-4E27-8BAA-0752EE035F74}.Release|ARM.ActiveCfg = Release|ARM
		{AF6A272D-EA72-4E27-8BAA-0752EE035F74}.Release|ARM.Build.0 = Release|ARM
		{AF6A272D-EA72-4E27-8BAA-0752EE035F74}.Release|ARM64.ActiveCfg = Release|ARM64
		{AF6A272D-EA72-4E27-8BAA-0752EE035F74}.Release|ARM64.Build.0 = Release|ARM64
		{AF6A272D-EA72-4E27-8BAA-0752EE035F74}.Release|x64.ActiveCfg = Release|x64
		{AF6A272D-EA72-4E27-8BAA-0752EE035F74}.Release|x64.Build.0 = Release|x64
		{AF6A272D-EA72-4E27-8BAA-0752EE035F74}.Release|x86.ActiveCfg = Release|x86
		{AF6A272D-EA72-4E27-8BAA-0752EE035F74}.Release|x86.Build.0 = Release|x86
		{4A929A3B-AD95-435B-96E4-4145E6355C06}.Debug|Any CPU.ActiveCfg = Debug|Any CPU
		{4A929A3B-AD95-435B-96E4-4145E6355C06}.Debug|Any CPU.Build.0 = Debug|Any CPU
		{4A929A3B-AD95-435B-96E4-4145E6355C06}.Debug|ARM.ActiveCfg = Debug|Any CPU
		{4A929A3B-AD95-435B-96E4-4145E6355C06}.Debug|ARM.Build.0 = Debug|Any CPU
		{4A929A3B-AD95-435B-96E4-4145E6355C06}.Debug|ARM64.ActiveCfg = Debug|Any CPU
		{4A929A3B-AD95-435B-96E4-4145E6355C06}.Debug|ARM64.Build.0 = Debug|Any CPU
		{4A929A3B-AD95-435B-96E4-4145E6355C06}.Debug|x64.ActiveCfg = Debug|Any CPU
		{4A929A3B-AD95-435B-96E4-4145E6355C06}.Debug|x64.Build.0 = Debug|Any CPU
		{4A929A3B-AD95-435B-96E4-4145E6355C06}.Debug|x86.ActiveCfg = Debug|Any CPU
		{4A929A3B-AD95-435B-96E4-4145E6355C06}.Debug|x86.Build.0 = Debug|Any CPU
		{4A929A3B-AD95-435B-96E4-4145E6355C06}.Release|Any CPU.ActiveCfg = Release|Any CPU
		{4A929A3B-AD95-435B-96E4-4145E6355C06}.Release|Any CPU.Build.0 = Release|Any CPU
		{4A929A3B-AD95-435B-96E4-4145E6355C06}.Release|ARM.ActiveCfg = Release|Any CPU
		{4A929A3B-AD95-435B-96E4-4145E6355C06}.Release|ARM.Build.0 = Release|Any CPU
		{4A929A3B-AD95-435B-96E4-4145E6355C06}.Release|ARM64.ActiveCfg = Release|Any CPU
		{4A929A3B-AD95-435B-96E4-4145E6355C06}.Release|ARM64.Build.0 = Release|Any CPU
		{4A929A3B-AD95-435B-96E4-4145E6355C06}.Release|x64.ActiveCfg = Release|Any CPU
		{4A929A3B-AD95-435B-96E4-4145E6355C06}.Release|x64.Build.0 = Release|Any CPU
		{4A929A3B-AD95-435B-96E4-4145E6355C06}.Release|x86.ActiveCfg = Release|Any CPU
		{4A929A3B-AD95-435B-96E4-4145E6355C06}.Release|x86.Build.0 = Release|Any CPU
	EndGlobalSection
	GlobalSection(SolutionProperties) = preSolution
		HideSolutionNode = FALSE
	EndGlobalSection
	GlobalSection(NestedProjects) = preSolution
		{28FF6C92-6127-4DBA-913C-57CE38E94EA0} = {BA7B91B7-74D4-4F05-98CA-20AD916BEF34}
		{8A61D36A-A085-42E1-B5D2-BC2DDCA9B169} = {BA7B91B7-74D4-4F05-98CA-20AD916BEF34}
		{4359AF9D-56BE-4FAF-BA06-EF540501FCF1} = {19D7E570-EB6B-4DF8-8579-97CBD9094365}
		{471577C6-6782-48E0-8850-4EE2FFCCC31A} = {19D7E570-EB6B-4DF8-8579-97CBD9094365}
		{DD4DC67F-9F33-4AEA-80C4-B4966B381E32} = {BA7B91B7-74D4-4F05-98CA-20AD916BEF34}
		{143A74E0-50AD-476C-AD34-E7AE42069991} = {BA7B91B7-74D4-4F05-98CA-20AD916BEF34}
	EndGlobalSection
	GlobalSection(ExtensibilityGlobals) = postSolution
		SolutionGuid = {E96CC1F0-F306-471D-9AF4-F27F8A2DE753}
	EndGlobalSection
EndGlobal
